
Microsoft Visual Studio Solution File, Format Version 12.00
# Visual Studio Version 16
VisualStudioVersion = 16.0.32228.343
MinimumVisualStudioVersion = 10.0.40219.1
Project("{9A19103F-16F7-4668-BE54-9A1E7A4F7556}") = "Pr1", "Pr1\Pr1.csproj", "{ED55D7A2-90F7-4640-BFB4-803BF58512FE}"
EndProject
Project("{9A19103F-16F7-4668-BE54-9A1E7A4F7556}") = "Pr2", "Pr2\Pr2.csproj", "{8F9495DF-960B-4EBE-B6F0-6C1758255A3A}"
EndProject
Project("{9A19103F-16F7-4668-BE54-9A1E7A4F7556}") = "Pr3", "Pr3\Pr3.csproj", "{90BBB312-3D02-4019-8860-201F02411821}"
EndProject
Project("{9A19103F-16F7-4668-BE54-9A1E7A4F7556}") = "Pr4", "Pr4\Pr4.csproj", "{1DEEB83F-FC91-487A-9AF3-2CF49F164CF6}"
EndProject
Project("{9A19103F-16F7-4668-BE54-9A1E7A4F7556}") = "Pr5", "Pr5\Pr5.csproj", "{89867CBA-89D8-43D5-90F0-9AB2B3779CC9}"
EndProject
Project("{9A19103F-16F7-4668-BE54-9A1E7A4F7556}") = "Pr6", "Pr6\Pr6.csproj", "{A4594E0F-151B-47CF-8B56-2A79188238F3}"
EndProject
Project("{9A19103F-16F7-4668-BE54-9A1E7A4F7556}") = "Pr7", "Pr7\Pr7.csproj", "{8F355E45-3540-4008-8136-C5F9FCA6A822}"
EndProject
Project("{9A19103F-16F7-4668-BE54-9A1E7A4F7556}") = "Pr8", "Pr8\Pr8.csproj", "{E21D44FE-FC39-4B4B-95D8-5DF6863BC436}"
EndProject
Project("{9A19103F-16F7-4668-BE54-9A1E7A4F7556}") = "Pr9", "Pr9\Pr9.csproj", "{BDEE0D70-7DAE-4A70-9952-0BF5BC7BF752}"
EndProject
Project("{9A19103F-16F7-4668-BE54-9A1E7A4F7556}") = "Pr10", "Pr10\Pr10.csproj", "{783720BB-0B28-4D61-986E-93555EE0B280}"
EndProject
Project("{9A19103F-16F7-4668-BE54-9A1E7A4F7556}") = "Pr12", "Pr12\Pr12.csproj", "{684DA8AB-BFA1-4665-A6A3-3CB633A81E16}"
EndProject
Project("{9A19103F-16F7-4668-BE54-9A1E7A4F7556}") = "Pr11", "Pr11\Pr11.csproj", "{AB608D69-03E3-4D74-B01C-67DD14207A8F}"
EndProject
Project("{9A19103F-16F7-4668-BE54-9A1E7A4F7556}") = "Pr13", "Pr13\Pr13.csproj", "{8B58EBCB-2A49-4D79-8166-7CE3DE74CEE6}"
EndProject
Project("{9A19103F-16F7-4668-BE54-9A1E7A4F7556}") = "Pr14", "Pr14\Pr14.csproj", "{13BA7BD3-0C86-441C-8ACF-57C3ED47B467}"
EndProject
Project("{9A19103F-16F7-4668-BE54-9A1E7A4F7556}") = "Pr15", "Pr15\Pr15.csproj", "{CEB7F7B4-FA05-4705-997D-B3C093B843BD}"
EndProject
Project("{9A19103F-16F7-4668-BE54-9A1E7A4F7556}") = "Pr18", "Pr18\Pr18.csproj", "{6E933FFB-53DD-41F7-BA4F-AB6C90FE07A4}"
EndProject
Project("{9A19103F-16F7-4668-BE54-9A1E7A4F7556}") = "Pr19", "Pr19\Pr19.csproj", "{C82D6B76-8689-436F-81DD-51C734F59482}"
EndProject
Project("{9A19103F-16F7-4668-BE54-9A1E7A4F7556}") = "Pr20", "Pr20\Pr20.csproj", "{F53CC8DC-A5E6-4D50-A873-5363DC65E42C}"
EndProject
Project("{9A19103F-16F7-4668-BE54-9A1E7A4F7556}") = "Pr21", "Pr21\Pr21.csproj", "{4C4ED564-92BD-4781-BBAC-47206EF867A3}"
EndProject
Project("{FAE04EC0-301F-11D3-BF4B-00C04F79EFBC}") = "Pr22", "Pr22\Pr22.csproj", "{C69A8939-E0AE-48D8-9F7B-0B2B5623D1C0}"
EndProject
Global
	GlobalSection(SolutionConfigurationPlatforms) = preSolution
		Debug|Any CPU = Debug|Any CPU
		TEST|Any CPU = TEST|Any CPU
	EndGlobalSection
	GlobalSection(ProjectConfigurationPlatforms) = postSolution
		{ED55D7A2-90F7-4640-BFB4-803BF58512FE}.Debug|Any CPU.ActiveCfg = Debug|Any CPU
		{ED55D7A2-90F7-4640-BFB4-803BF58512FE}.Debug|Any CPU.Build.0 = Debug|Any CPU
		{ED55D7A2-90F7-4640-BFB4-803BF58512FE}.TEST|Any CPU.ActiveCfg = TEST|Any CPU
		{ED55D7A2-90F7-4640-BFB4-803BF58512FE}.TEST|Any CPU.Build.0 = TEST|Any CPU
		{8F9495DF-960B-4EBE-B6F0-6C1758255A3A}.Debug|Any CPU.ActiveCfg = Debug|Any CPU
		{8F9495DF-960B-4EBE-B6F0-6C1758255A3A}.Debug|Any CPU.Build.0 = Debug|Any CPU
		{8F9495DF-960B-4EBE-B6F0-6C1758255A3A}.TEST|Any CPU.ActiveCfg = TEST|Any CPU
		{8F9495DF-960B-4EBE-B6F0-6C1758255A3A}.TEST|Any CPU.Build.0 = TEST|Any CPU
		{90BBB312-3D02-4019-8860-201F02411821}.Debug|Any CPU.ActiveCfg = Debug|Any CPU
		{90BBB312-3D02-4019-8860-201F02411821}.Debug|Any CPU.Build.0 = Debug|Any CPU
		{90BBB312-3D02-4019-8860-201F02411821}.TEST|Any CPU.ActiveCfg = TEST|Any CPU
		{90BBB312-3D02-4019-8860-201F02411821}.TEST|Any CPU.Build.0 = TEST|Any CPU
		{1DEEB83F-FC91-487A-9AF3-2CF49F164CF6}.Debug|Any CPU.ActiveCfg = Debug|Any CPU
		{1DEEB83F-FC91-487A-9AF3-2CF49F164CF6}.Debug|Any CPU.Build.0 = Debug|Any CPU
		{1DEEB83F-FC91-487A-9AF3-2CF49F164CF6}.TEST|Any CPU.ActiveCfg = TEST|Any CPU
		{1DEEB83F-FC91-487A-9AF3-2CF49F164CF6}.TEST|Any CPU.Build.0 = TEST|Any CPU
		{89867CBA-89D8-43D5-90F0-9AB2B3779CC9}.Debug|Any CPU.ActiveCfg = Debug|Any CPU
		{89867CBA-89D8-43D5-90F0-9AB2B3779CC9}.Debug|Any CPU.Build.0 = Debug|Any CPU
		{89867CBA-89D8-43D5-90F0-9AB2B3779CC9}.TEST|Any CPU.ActiveCfg = TEST|Any CPU
		{89867CBA-89D8-43D5-90F0-9AB2B3779CC9}.TEST|Any CPU.Build.0 = TEST|Any CPU
		{A4594E0F-151B-47CF-8B56-2A79188238F3}.Debug|Any CPU.ActiveCfg = Debug|Any CPU
		{A4594E0F-151B-47CF-8B56-2A79188238F3}.Debug|Any CPU.Build.0 = Debug|Any CPU
		{A4594E0F-151B-47CF-8B56-2A79188238F3}.TEST|Any CPU.ActiveCfg = TEST|Any CPU
		{A4594E0F-151B-47CF-8B56-2A79188238F3}.TEST|Any CPU.Build.0 = TEST|Any CPU
		{8F355E45-3540-4008-8136-C5F9FCA6A822}.Debug|Any CPU.ActiveCfg = Debug|Any CPU
		{8F355E45-3540-4008-8136-C5F9FCA6A822}.Debug|Any CPU.Build.0 = Debug|Any CPU
		{8F355E45-3540-4008-8136-C5F9FCA6A822}.TEST|Any CPU.ActiveCfg = TEST|Any CPU
		{8F355E45-3540-4008-8136-C5F9FCA6A822}.TEST|Any CPU.Build.0 = TEST|Any CPU
		{E21D44FE-FC39-4B4B-95D8-5DF6863BC436}.Debug|Any CPU.ActiveCfg = Debug|Any CPU
		{E21D44FE-FC39-4B4B-95D8-5DF6863BC436}.Debug|Any CPU.Build.0 = Debug|Any CPU
		{E21D44FE-FC39-4B4B-95D8-5DF6863BC436}.TEST|Any CPU.ActiveCfg = TEST|Any CPU
		{E21D44FE-FC39-4B4B-95D8-5DF6863BC436}.TEST|Any CPU.Build.0 = TEST|Any CPU
		{BDEE0D70-7DAE-4A70-9952-0BF5BC7BF752}.Debug|Any CPU.ActiveCfg = Debug|Any CPU
		{BDEE0D70-7DAE-4A70-9952-0BF5BC7BF752}.Debug|Any CPU.Build.0 = Debug|Any CPU
		{BDEE0D70-7DAE-4A70-9952-0BF5BC7BF752}.TEST|Any CPU.ActiveCfg = TEST|Any CPU
		{BDEE0D70-7DAE-4A70-9952-0BF5BC7BF752}.TEST|Any CPU.Build.0 = TEST|Any CPU
		{783720BB-0B28-4D61-986E-93555EE0B280}.Debug|Any CPU.ActiveCfg = Debug|Any CPU
		{783720BB-0B28-4D61-986E-93555EE0B280}.Debug|Any CPU.Build.0 = Debug|Any CPU
		{783720BB-0B28-4D61-986E-93555EE0B280}.TEST|Any CPU.ActiveCfg = TEST|Any CPU
		{783720BB-0B28-4D61-986E-93555EE0B280}.TEST|Any CPU.Build.0 = TEST|Any CPU
		{684DA8AB-BFA1-4665-A6A3-3CB633A81E16}.Debug|Any CPU.ActiveCfg = Debug|Any CPU
		{684DA8AB-BFA1-4665-A6A3-3CB633A81E16}.Debug|Any CPU.Build.0 = Debug|Any CPU
		{684DA8AB-BFA1-4665-A6A3-3CB633A81E16}.TEST|Any CPU.ActiveCfg = Debug|Any CPU
		{684DA8AB-BFA1-4665-A6A3-3CB633A81E16}.TEST|Any CPU.Build.0 = Debug|Any CPU
		{AB608D69-03E3-4D74-B01C-67DD14207A8F}.Debug|Any CPU.ActiveCfg = Debug|Any CPU
		{AB608D69-03E3-4D74-B01C-67DD14207A8F}.Debug|Any CPU.Build.0 = Debug|Any CPU
		{AB608D69-03E3-4D74-B01C-67DD14207A8F}.TEST|Any CPU.ActiveCfg = Debug|Any CPU
		{AB608D69-03E3-4D74-B01C-67DD14207A8F}.TEST|Any CPU.Build.0 = Debug|Any CPU
		{8B58EBCB-2A49-4D79-8166-7CE3DE74CEE6}.Debug|Any CPU.ActiveCfg = Debug|Any CPU
		{8B58EBCB-2A49-4D79-8166-7CE3DE74CEE6}.Debug|Any CPU.Build.0 = Debug|Any CPU
		{8B58EBCB-2A49-4D79-8166-7CE3DE74CEE6}.TEST|Any CPU.ActiveCfg = Debug|Any CPU
		{8B58EBCB-2A49-4D79-8166-7CE3DE74CEE6}.TEST|Any CPU.Build.0 = Debug|Any CPU
		{13BA7BD3-0C86-441C-8ACF-57C3ED47B467}.Debug|Any CPU.ActiveCfg = Debug|Any CPU
		{13BA7BD3-0C86-441C-8ACF-57C3ED47B467}.Debug|Any CPU.Build.0 = Debug|Any CPU
		{13BA7BD3-0C86-441C-8ACF-57C3ED47B467}.TEST|Any CPU.ActiveCfg = TEST|Any CPU
		{13BA7BD3-0C86-441C-8ACF-57C3ED47B467}.TEST|Any CPU.Build.0 = TEST|Any CPU
		{CEB7F7B4-FA05-4705-997D-B3C093B843BD}.Debug|Any CPU.ActiveCfg = Debug|Any CPU
		{CEB7F7B4-FA05-4705-997D-B3C093B843BD}.Debug|Any CPU.Build.0 = Debug|Any CPU
		{CEB7F7B4-FA05-4705-997D-B3C093B843BD}.TEST|Any CPU.ActiveCfg = TEST|Any CPU
		{CEB7F7B4-FA05-4705-997D-B3C093B843BD}.TEST|Any CPU.Build.0 = TEST|Any CPU
		{6E933FFB-53DD-41F7-BA4F-AB6C90FE07A4}.Debug|Any CPU.ActiveCfg = Debug|Any CPU
		{6E933FFB-53DD-41F7-BA4F-AB6C90FE07A4}.Debug|Any CPU.Build.0 = Debug|Any CPU
		{6E933FFB-53DD-41F7-BA4F-AB6C90FE07A4}.TEST|Any CPU.ActiveCfg = TEST|Any CPU
		{6E933FFB-53DD-41F7-BA4F-AB6C90FE07A4}.TEST|Any CPU.Build.0 = TEST|Any CPU
		{C82D6B76-8689-436F-81DD-51C734F59482}.Debug|Any CPU.ActiveCfg = Debug|Any CPU
		{C82D6B76-8689-436F-81DD-51C734F59482}.Debug|Any CPU.Build.0 = Debug|Any CPU
		{C82D6B76-8689-436F-81DD-51C734F59482}.TEST|Any CPU.ActiveCfg = TEST|Any CPU
		{C82D6B76-8689-436F-81DD-51C734F59482}.TEST|Any CPU.Build.0 = TEST|Any CPU
		{F53CC8DC-A5E6-4D50-A873-5363DC65E42C}.Debug|Any CPU.ActiveCfg = Debug|Any CPU
		{F53CC8DC-A5E6-4D50-A873-5363DC65E42C}.Debug|Any CPU.Build.0 = Debug|Any CPU
		{F53CC8DC-A5E6-4D50-A873-5363DC65E42C}.TEST|Any CPU.ActiveCfg = TEST|Any CPU
		{F53CC8DC-A5E6-4D50-A873-5363DC65E42C}.TEST|Any CPU.Build.0 = TEST|Any CPU
		{4C4ED564-92BD-4781-BBAC-47206EF867A3}.Debug|Any CPU.ActiveCfg = Debug|Any CPU
		{4C4ED564-92BD-4781-BBAC-47206EF867A3}.Debug|Any CPU.Build.0 = Debug|Any CPU
		{4C4ED564-92BD-4781-BBAC-47206EF867A3}.TEST|Any CPU.ActiveCfg = TEST|Any CPU
		{4C4ED564-92BD-4781-BBAC-47206EF867A3}.TEST|Any CPU.Build.0 = TEST|Any CPU
		{C69A8939-E0AE-48D8-9F7B-0B2B5623D1C0}.Debug|Any CPU.ActiveCfg = Debug|Any CPU
		{C69A8939-E0AE-48D8-9F7B-0B2B5623D1C0}.Debug|Any CPU.Build.0 = Debug|Any CPU
		{C69A8939-E0AE-48D8-9F7B-0B2B5623D1C0}.TEST|Any CPU.ActiveCfg = TEST|Any CPU
		{C69A8939-E0AE-48D8-9F7B-0B2B5623D1C0}.TEST|Any CPU.Build.0 = TEST|Any CPU
	EndGlobalSection
	GlobalSection(SolutionProperties) = preSolution
		HideSolutionNode = FALSE
	EndGlobalSection
	GlobalSection(ExtensibilityGlobals) = postSolution
		SolutionGuid = {D562152E-574D-466D-A28A-80AC7C2894BC}
	EndGlobalSection
EndGlobal
